
Microsoft Visual Studio Solution File, Format Version 12.00
# Visual Studio Version 16
VisualStudioVersion = 16.0.30225.117
MinimumVisualStudioVersion = 10.0.40219.1
Project("{FAE04EC0-301F-11D3-BF4B-00C04F79EFBC}") = "HelloWorld", "HelloWorld\HelloWorld.csproj", "{311221E8-9E5A-48A4-BE3E-5C6F55C9CDAC}"
EndProject
Global
	GlobalSection(SolutionConfigurationPlatforms) = preSolution
		Debug|Any CPU = Debug|Any CPU
		Release|Any CPU = Release|Any CPU
	EndGlobalSection
	GlobalSection(ProjectConfigurationPlatforms) = postSolution
		{311221E8-9E5A-48A4-BE3E-5C6F55C9CDAC}.Debug|Any CPU.ActiveCfg = Debug|Any CPU
		{311221E8-9E5A-48A4-BE3E-5C6F55C9CDAC}.Debug|Any CPU.Build.0 = Debug|Any CPU
		{311221E8-9E5A-48A4-BE3E-5C6F55C9CDAC}.Release|Any CPU.ActiveCfg = Release|Any CPU
		{311221E8-9E5A-48A4-BE3E-5C6F55C9CDAC}.Release|Any CPU.Build.0 = Release|Any CPU
	EndGlobalSection
	GlobalSection(SolutionProperties) = preSolution
		HideSolutionNode = FALSE
	EndGlobalSection
	GlobalSection(ExtensibilityGlobals) = postSolution
		SolutionGuid = {5DB6EB90-AB80-4670-85EB-297CAF822712}
	EndGlobalSection
EndGlobal
